
Microsoft Visual Studio Solution File, Format Version 12.00
# Visual Studio Version 16
VisualStudioVersion = 16.0.30503.244
MinimumVisualStudioVersion = 10.0.40219.1
Project("{8BC9CEB8-8B4A-11D0-8D11-00A0C91BC942}") = "Shanachan", "KanjiProgram.vcxproj", "{98E91A1F-1480-4BA6-A2C0-E19DADAD2756}"
EndProject
Global
	GlobalSection(SolutionConfigurationPlatforms) = preSolution
		Debug|Win32 = Debug|Win32
		Debug|x64 = Debug|x64
		Debug|x86 = Debug|x86
		Release|Win32 = Release|Win32
		Release|x64 = Release|x64
		Release|x86 = Release|x86
		x86|Win32 = x86|Win32
		x86|x64 = x86|x64
		x86|x86 = x86|x86
	EndGlobalSection
	GlobalSection(ProjectConfigurationPlatforms) = postSolution
		{98E91A1F-1480-4BA6-A2C0-E19DADAD2756}.Debug|Win32.ActiveCfg = Debug|Win32
		{98E91A1F-1480-4BA6-A2C0-E19DADAD2756}.Debug|Win32.Build.0 = Debug|Win32
		{98E91A1F-1480-4BA6-A2C0-E19DADAD2756}.Debug|x64.ActiveCfg = Debug|x64
		{98E91A1F-1480-4BA6-A2C0-E19DADAD2756}.Debug|x64.Build.0 = Debug|x64
		{98E91A1F-1480-4BA6-A2C0-E19DADAD2756}.Debug|x86.ActiveCfg = Debug|Win32
		{98E91A1F-1480-4BA6-A2C0-E19DADAD2756}.Debug|x86.Build.0 = Debug|Win32
		{98E91A1F-1480-4BA6-A2C0-E19DADAD2756}.Release|Win32.ActiveCfg = Release|Win32
		{98E91A1F-1480-4BA6-A2C0-E19DADAD2756}.Release|Win32.Build.0 = Release|Win32
		{98E91A1F-1480-4BA6-A2C0-E19DADAD2756}.Release|x64.ActiveCfg = Release|x64
		{98E91A1F-1480-4BA6-A2C0-E19DADAD2756}.Release|x64.Build.0 = Release|x64
		{98E91A1F-1480-4BA6-A2C0-E19DADAD2756}.Release|x86.ActiveCfg = Release|Win32
		{98E91A1F-1480-4BA6-A2C0-E19DADAD2756}.Release|x86.Build.0 = Release|Win32
		{98E91A1F-1480-4BA6-A2C0-E19DADAD2756}.x86|Win32.ActiveCfg = x86|Win32
		{98E91A1F-1480-4BA6-A2C0-E19DADAD2756}.x86|Win32.Build.0 = x86|Win32
		{98E91A1F-1480-4BA6-A2C0-E19DADAD2756}.x86|x64.ActiveCfg = x86|x64
		{98E91A1F-1480-4BA6-A2C0-E19DADAD2756}.x86|x64.Build.0 = x86|x64
		{98E91A1F-1480-4BA6-A2C0-E19DADAD2756}.x86|x86.ActiveCfg = x86|Win32
		{98E91A1F-1480-4BA6-A2C0-E19DADAD2756}.x86|x86.Build.0 = x86|Win32
	EndGlobalSection
	GlobalSection(SolutionProperties) = preSolution
		HideSolutionNode = FALSE
	EndGlobalSection
	GlobalSection(ExtensibilityGlobals) = postSolution
		SolutionGuid = {372978BC-97E4-48DC-B53A-69B9A518900D}
	EndGlobalSection
EndGlobal
